# This file is automatically @generated by Poetry 1.8.2 and should not be changed by hand.

[[package]]
name = "aiocoap"
version = "0.4.7"
description = "Python CoAP library"
optional = false
python-versions = ">=3.7"
files = [
    {file = "aiocoap-0.4.7-py3-none-any.whl", hash = "sha256:11fc3a72405a8d35914de0dd5f58c3b3193d249e5c0fcbb895d4225354b44e56"},
    {file = "aiocoap-0.4.7.tar.gz", hash = "sha256:90f3bcaffd454f5421d3ad55ddbe3fe10a686d4b9f3c4445d427b130493a96a4"},
]

[package.extras]
all = ["DTLSSocket (>=0.1.11a1)", "cbor-diag", "cbor2", "cryptography (>=2.0)", "filelock", "ge25519", "pygments", "termcolor", "websockets"]
docs = ["cbor-diag", "cbor2", "cryptography (>=2.0)", "filelock", "ge25519", "pygments", "sphinx", "sphinx-argparse", "termcolor", "websockets"]
oscore = ["cbor2", "cryptography (>=2.0)", "filelock", "ge25519"]
prettyprint = ["cbor-diag", "cbor2", "pygments", "termcolor"]
tinydtls = ["DTLSSocket (>=0.1.11a1)"]
ws = ["websockets"]

[[package]]
name = "cbor-diag"
version = "1.0.1"
description = "Conversion between CBOR and CBOR Diagnostic Notation"
optional = false
python-versions = ">=3.7"
files = [
    {file = "cbor_diag-1.0.1-cp310-cp310-macosx_10_7_x86_64.whl", hash = "sha256:5e27ee58896b27ff9fe3ba189dd7c62318fdde2afb3407bcff4ff8276ce16716"},
    {file = "cbor_diag-1.0.1-cp310-cp310-macosx_11_0_arm64.whl", hash = "sha256:4a4609147b8cf439b5dd2fb4e629bd7bb7097964b21e7b8d928a4b2a51327e5e"},
    {file = "cbor_diag-1.0.1-cp310-cp310-manylinux_2_17_aarch64.manylinux2014_aarch64.whl", hash = "sha256:681c7de037da55a14788413181f48614d6570319325c4006f5e5d270b8a48331"},
    {file = "cbor_diag-1.0.1-cp310-cp310-manylinux_2_17_armv7l.manylinux2014_armv7l.whl", hash = "sha256:edbdd97f00be086aa1a302fb9a3710d8f1a23426e0f5e7e95db5a482d7dd3b1d"},
    {file = "cbor_diag-1.0.1-cp310-cp310-manylinux_2_17_x86_64.manylinux2014_x86_64.whl", hash = "sha256:8074564ab1798d75e61ca8f320ce55217252128d245ce02979ca78ac1c20b974"},
    {file = "cbor_diag-1.0.1-cp310-cp310-manylinux_2_5_i686.manylinux1_i686.whl", hash = "sha256:5583e0af85d018012c4ba0ce9094f94b4af4ffe2634806ba4f129db343fe8cf0"},
    {file = "cbor_diag-1.0.1-cp310-none-win32.whl", hash = "sha256:8ed391913350e7fc1afa8e584648023562d2127001fadc619680b148616e7034"},
    {file = "cbor_diag-1.0.1-cp310-none-win_amd64.whl", hash = "sha256:e185ca1a542482c6940317efa6d39eabe834ad7aab09717f8065ab9469d097ce"},
    {file = "cbor_diag-1.0.1-cp311-cp311-macosx_10_7_x86_64.whl", hash = "sha256:670b9b314a3a317d274301f72424f6be894ad8ef99eda5af39331e3109b98488"},
    {file = "cbor_diag-1.0.1-cp311-cp311-macosx_11_0_arm64.whl", hash = "sha256:e7fe3b0f88ee3f8f672e8503c00686661f3dd35411e4924957d19b64b21e6451"},
    {file = "cbor_diag-1.0.1-cp311-cp311-manylinux_2_17_aarch64.manylinux2014_aarch64.whl", hash = "sha256:95d53b0c963a87b90e88537cd9c9aea100aa8ec6452e03c538060c9c0e4dadcc"},
    {file = "cbor_diag-1.0.1-cp311-cp311-manylinux_2_17_armv7l.manylinux2014_armv7l.whl", hash = "sha256:b5002a746db1a658c0e107001ec112424dceb04a30c908d2536b40cb2958c6e7"},
    {file = "cbor_diag-1.0.1-cp311-cp311-manylinux_2_17_x86_64.manylinux2014_x86_64.whl", hash = "sha256:971fa421c0f596418443326d64df7c1e3bbbc607654e6eae77f2c582ff3217ca"},
    {file = "cbor_diag-1.0.1-cp311-cp311-manylinux_2_5_i686.manylinux1_i686.whl", hash = "sha256:d0368012a23d8a99365211e6c9f58c8d90f4d5ad96156d0d732308d321683ec8"},
    {file = "cbor_diag-1.0.1-cp311-none-win32.whl", hash = "sha256:59b5e5db1cac8c104fed68b9fad2a734ca13ee62c0381145a515aec5b546f602"},
    {file = "cbor_diag-1.0.1-cp311-none-win_amd64.whl", hash = "sha256:07c3ded73b3bb86bebff982fe43c13e5072a509502c104f5256feb044961d720"},
    {file = "cbor_diag-1.0.1-cp312-cp312-manylinux_2_17_aarch64.manylinux2014_aarch64.whl", hash = "sha256:513422b47ff89ccaf47dc3544e96686d92aa5e49a8a3a3f745bf33af43aa540a"},
    {file = "cbor_diag-1.0.1-cp312-cp312-manylinux_2_17_x86_64.manylinux2014_x86_64.whl", hash = "sha256:bff32850ac59b15f6a838e31ead373c705e3faeaa9f954b4b03c3018a3581ea9"},
    {file = "cbor_diag-1.0.1-cp312-cp312-manylinux_2_5_i686.manylinux1_i686.whl", hash = "sha256:45b18c731bfb98524374d029fd4d5d026005a28209c88e21e6eb160d4daba207"},
    {file = "cbor_diag-1.0.1-cp37-cp37m-manylinux_2_17_aarch64.manylinux2014_aarch64.whl", hash = "sha256:7d733bcf38bd3f1df10d7e83dbe86baca5bd27c1750fd222e6fa3e27dcf48210"},
    {file = "cbor_diag-1.0.1-cp37-cp37m-manylinux_2_17_armv7l.manylinux2014_armv7l.whl", hash = "sha256:c559110ebba270b62cfc70e84405ec90bc56ee41b9aacbe3e23c3e0ad3ce1186"},
    {file = "cbor_diag-1.0.1-cp37-cp37m-manylinux_2_17_x86_64.manylinux2014_x86_64.whl", hash = "sha256:e912bc06f3c2a6e53e2cb3babd186fc863c9d437bb597c6aaab898b6c807400c"},
    {file = "cbor_diag-1.0.1-cp37-cp37m-manylinux_2_5_i686.manylinux1_i686.whl", hash = "sha256:16b4429763f5ae99c7750360dd3414033b583907eea514f5c42b56c772f51921"},
    {file = "cbor_diag-1.0.1-cp37-none-win32.whl", hash = "sha256:9c3525b1b2e8b3e8ed6a1a1c1486a7eb999aa0931ffd51f3b1379e989d192960"},
    {file = "cbor_diag-1.0.1-cp37-none-win_amd64.whl", hash = "sha256:509dd785a2efb6e93ff53e154a8cf908cde7d5ae00d91f2c4fdebf87f144386a"},
    {file = "cbor_diag-1.0.1-cp38-cp38-manylinux_2_17_aarch64.manylinux2014_aarch64.whl", hash = "sha256:26cc864aab27cce83b3ddc864ff3a8d90a3a5596ba8b428188f8bb5f06db2c63"},
    {file = "cbor_diag-1.0.1-cp38-cp38-manylinux_2_17_armv7l.manylinux2014_armv7l.whl", hash = "sha256:968527e746a24006af4c81d0114f3c145e6d127d0e7b0cce4712140b3d119257"},
    {file = "cbor_diag-1.0.1-cp38-cp38-manylinux_2_17_x86_64.manylinux2014_x86_64.whl", hash = "sha256:753fc39b3998cf9192815364e5f8c08ce26b17d81e48744f2ae9c58df7fea641"},
    {file = "cbor_diag-1.0.1-cp38-cp38-manylinux_2_5_i686.manylinux1_i686.whl", hash = "sha256:629b8c698147ade2a671eb9ef6b98b30c63dd37bdab106dfb05d18e372dd7ffd"},
    {file = "cbor_diag-1.0.1-cp38-none-win32.whl", hash = "sha256:53469c426864867fc4832f1d2dfac139e849eb7a7a5827c004be218c986415f7"},
    {file = "cbor_diag-1.0.1-cp38-none-win_amd64.whl", hash = "sha256:ebdcb1333d528b1b96a0d6ad7f37a251d604c53d43b2745fc60e471c018d22e5"},
    {file = "cbor_diag-1.0.1-cp39-cp39-manylinux_2_17_aarch64.manylinux2014_aarch64.whl", hash = "sha256:9a715dd40f6f1c4cf6d7be3e0c43a5dd79a5583c75a886d06e2ddf3bd6b96dc4"},
    {file = "cbor_diag-1.0.1-cp39-cp39-manylinux_2_17_armv7l.manylinux2014_armv7l.whl", hash = "sha256:b22f89a5023c712582d3a619c3643080580363aa659fe7cbf868f445f7e39518"},
    {file = "cbor_diag-1.0.1-cp39-cp39-manylinux_2_17_x86_64.manylinux2014_x86_64.whl", hash = "sha256:27f4e0514435f1c002a97785dcea0825dc718c9f300ad74e2d7bfe04eacd70ee"},
    {file = "cbor_diag-1.0.1-cp39-cp39-manylinux_2_5_i686.manylinux1_i686.whl", hash = "sha256:0183a386889da27eff2283d9a47271e598088e4c2e4f5fd76675a309ac797d03"},
    {file = "cbor_diag-1.0.1-cp39-none-win32.whl", hash = "sha256:06169075efafe3dc70d56a90f3da5bdbc00015c763599d4d671f5418d3bcd912"},
    {file = "cbor_diag-1.0.1-cp39-none-win_amd64.whl", hash = "sha256:d5e4c18a8f6fb543307b732c729dc4b1df4c780028c5fd395dbc63e3a2245573"},
    {file = "cbor_diag-1.0.1-pp37-pypy37_pp73-manylinux_2_17_aarch64.manylinux2014_aarch64.whl", hash = "sha256:9f95f40a1ca98f7d2320e24cc336c36e9b16b86e7aee6c5635d9aaa508324774"},
    {file = "cbor_diag-1.0.1-pp37-pypy37_pp73-manylinux_2_17_armv7l.manylinux2014_armv7l.whl", hash = "sha256:dd37afd75ba9866908471b8b005e4011e986c3741f9967a9882122c72c781a00"},
    {file = "cbor_diag-1.0.1-pp37-pypy37_pp73-manylinux_2_17_x86_64.manylinux2014_x86_64.whl", hash = "sha256:345c4ea72a8d233e7509348b08836e0237db2cbe7acdb348b03d96ab63723ca7"},
    {file = "cbor_diag-1.0.1-pp37-pypy37_pp73-manylinux_2_5_i686.manylinux1_i686.whl", hash = "sha256:be58750b1a8c1ea923881d2380acba6ad66d89535b8a027321df021c4ce4013a"},
    {file = "cbor_diag-1.0.1-pp38-pypy38_pp73-manylinux_2_17_aarch64.manylinux2014_aarch64.whl", hash = "sha256:886000fecc617285f98034e0ca4896f6d3f872b05c7c06d0dcf062f51ebfccee"},
    {file = "cbor_diag-1.0.1-pp38-pypy38_pp73-manylinux_2_17_armv7l.manylinux2014_armv7l.whl", hash = "sha256:9df8ce6df5b29a008489c613fcd011b62308088d200bf5eaf2faded801d64908"},
    {file = "cbor_diag-1.0.1-pp38-pypy38_pp73-manylinux_2_17_x86_64.manylinux2014_x86_64.whl", hash = "sha256:6a0b8c325ca969bea6313c37525df349f41ea3b47413d09cf77ae31a6c7356d3"},
    {file = "cbor_diag-1.0.1-pp38-pypy38_pp73-manylinux_2_5_i686.manylinux1_i686.whl", hash = "sha256:936485947f84f17a4b52c74e834661d340f1f9e26016ee4aa7c9a6870d471ead"},
    {file = "cbor_diag-1.0.1-pp39-pypy39_pp73-manylinux_2_17_aarch64.manylinux2014_aarch64.whl", hash = "sha256:f91a868dc0db0b08a2bc8f8f33b640455284364baa18b54419dae40bff5d7712"},
    {file = "cbor_diag-1.0.1-pp39-pypy39_pp73-manylinux_2_17_armv7l.manylinux2014_armv7l.whl", hash = "sha256:fd8b50cbf79515a067b79344faa95ffc655b0452699e9364b290a448696c337f"},
    {file = "cbor_diag-1.0.1-pp39-pypy39_pp73-manylinux_2_17_x86_64.manylinux2014_x86_64.whl", hash = "sha256:2b0ede70c4fd5da90c8c69921c5ec6da0b0d9b6fea96cdd12dac371424d75c08"},
    {file = "cbor_diag-1.0.1-pp39-pypy39_pp73-manylinux_2_5_i686.manylinux1_i686.whl", hash = "sha256:7770593ff87e30064c0aa1398dc462238a35f181715b06dafa6c18ac60ae708e"},
    {file = "cbor_diag-1.0.1.tar.gz", hash = "sha256:77e25a27681d59b0074a07aa494da0ab71f0ea6a826a2fd28167048d08a7ebcc"},
]

[[package]]
name = "hupper"
version = "1.12.1"
description = "Integrated process monitor for developing and reloading daemons."
optional = false
python-versions = ">=3.7"
files = [
    {file = "hupper-1.12.1-py3-none-any.whl", hash = "sha256:e872b959f09d90be5fb615bd2e62de89a0b57efc037bdf9637fb09cdf8552b19"},
    {file = "hupper-1.12.1.tar.gz", hash = "sha256:06bf54170ff4ecf4c84ad5f188dee3901173ab449c2608ad05b9bfd6b13e32eb"},
]

[package.extras]
docs = ["Sphinx", "pylons-sphinx-themes", "setuptools", "watchdog"]
testing = ["mock", "pytest", "pytest-cov", "watchdog"]

[metadata]
lock-version = "2.0"
python-versions = "^3.12"
content-hash = "fc69aefa369e38a3bd9be9e21eb3d2e29232e488f3f07d5b76e91012cf7bbe19"
